
Microsoft Visual Studio Solution File, Format Version 12.00
# Visual Studio 15
VisualStudioVersion = 15.0.27703.2018
MinimumVisualStudioVersion = 10.0.40219.1
Project("{FAE04EC0-301F-11D3-BF4B-00C04F79EFBC}") = "Lorence", "Lorence\Lorence.csproj", "{CCF0A433-AB90-48A6-BAD1-9602B20A5492}"
EndProject
Global
	GlobalSection(SolutionConfigurationPlatforms) = preSolution
		Debug|Any CPU = Debug|Any CPU
		Release|Any CPU = Release|Any CPU
	EndGlobalSection
	GlobalSection(ProjectConfigurationPlatforms) = postSolution
		{CCF0A433-AB90-48A6-BAD1-9602B20A5492}.Debug|Any CPU.ActiveCfg = Debug|Any CPU
		{CCF0A433-AB90-48A6-BAD1-9602B20A5492}.Debug|Any CPU.Build.0 = Debug|Any CPU
		{CCF0A433-AB90-48A6-BAD1-9602B20A5492}.Release|Any CPU.ActiveCfg = Release|Any CPU
		{CCF0A433-AB90-48A6-BAD1-9602B20A5492}.Release|Any CPU.Build.0 = Release|Any CPU
	EndGlobalSection
	GlobalSection(SolutionProperties) = preSolution
		HideSolutionNode = FALSE
	EndGlobalSection
	GlobalSection(ExtensibilityGlobals) = postSolution
		SolutionGuid = {2A496766-3C50-4E8C-BE08-17EACAB3D323}
	EndGlobalSection
EndGlobal
